
Microsoft Visual Studio Solution File, Format Version 12.00
# Visual Studio Version 17
VisualStudioVersion = 17.4.33403.182
MinimumVisualStudioVersion = 10.0.40219.1
Project("{FAE04EC0-301F-11D3-BF4B-00C04F79EFBC}") = "WpfApp1", "WpfApp1\WpfApp1.csproj", "{068A5342-E54D-46FD-8C09-F66785792D79}"
EndProject
Project("{00D1A9C2-B5F0-4AF3-8072-F6C62B433612}") = "Person", "Database1\Person.sqlproj", "{09F170A9-56E8-4243-B723-3FBA295ABD39}"
EndProject
Project("{00D1A9C2-B5F0-4AF3-8072-F6C62B433612}") = "Product", "Database2\Product.sqlproj", "{F914D47B-5244-46DC-9EA6-0AD21737ABB8}"
EndProject
Global
	GlobalSection(SolutionConfigurationPlatforms) = preSolution
		Debug|Any CPU = Debug|Any CPU
		Release|Any CPU = Release|Any CPU
	EndGlobalSection
	GlobalSection(ProjectConfigurationPlatforms) = postSolution
		{068A5342-E54D-46FD-8C09-F66785792D79}.Debug|Any CPU.ActiveCfg = Debug|Any CPU
		{068A5342-E54D-46FD-8C09-F66785792D79}.Debug|Any CPU.Build.0 = Debug|Any CPU
		{068A5342-E54D-46FD-8C09-F66785792D79}.Release|Any CPU.ActiveCfg = Release|Any CPU
		{068A5342-E54D-46FD-8C09-F66785792D79}.Release|Any CPU.Build.0 = Release|Any CPU
		{09F170A9-56E8-4243-B723-3FBA295ABD39}.Debug|Any CPU.ActiveCfg = Debug|Any CPU
		{09F170A9-56E8-4243-B723-3FBA295ABD39}.Debug|Any CPU.Build.0 = Debug|Any CPU
		{09F170A9-56E8-4243-B723-3FBA295ABD39}.Debug|Any CPU.Deploy.0 = Debug|Any CPU
		{09F170A9-56E8-4243-B723-3FBA295ABD39}.Release|Any CPU.ActiveCfg = Release|Any CPU
		{09F170A9-56E8-4243-B723-3FBA295ABD39}.Release|Any CPU.Build.0 = Release|Any CPU
		{09F170A9-56E8-4243-B723-3FBA295ABD39}.Release|Any CPU.Deploy.0 = Release|Any CPU
		{F914D47B-5244-46DC-9EA6-0AD21737ABB8}.Debug|Any CPU.ActiveCfg = Debug|Any CPU
		{F914D47B-5244-46DC-9EA6-0AD21737ABB8}.Debug|Any CPU.Build.0 = Debug|Any CPU
		{F914D47B-5244-46DC-9EA6-0AD21737ABB8}.Debug|Any CPU.Deploy.0 = Debug|Any CPU
		{F914D47B-5244-46DC-9EA6-0AD21737ABB8}.Release|Any CPU.ActiveCfg = Release|Any CPU
		{F914D47B-5244-46DC-9EA6-0AD21737ABB8}.Release|Any CPU.Build.0 = Release|Any CPU
		{F914D47B-5244-46DC-9EA6-0AD21737ABB8}.Release|Any CPU.Deploy.0 = Release|Any CPU
	EndGlobalSection
	GlobalSection(SolutionProperties) = preSolution
		HideSolutionNode = FALSE
	EndGlobalSection
	GlobalSection(ExtensibilityGlobals) = postSolution
		SolutionGuid = {5E725409-D463-48F3-88B5-8B0EB014AC09}
	EndGlobalSection
EndGlobal
